
Microsoft Visual Studio Solution File, Format Version 12.00
# Visual Studio Version 17
VisualStudioVersion = 17.1.32421.90
MinimumVisualStudioVersion = 10.0.40219.1
Project("{FAE04EC0-301F-11D3-BF4B-00C04F79EFBC}") = "MobileAPI", "MobileAPI\MobileAPI.csproj", "{23E17894-486D-46AC-9517-C14E49C13D20}"
EndProject
Global
	GlobalSection(SolutionConfigurationPlatforms) = preSolution
		Debug|Any CPU = Debug|Any CPU
		Release|Any CPU = Release|Any CPU
	EndGlobalSection
	GlobalSection(ProjectConfigurationPlatforms) = postSolution
		{23E17894-486D-46AC-9517-C14E49C13D20}.Debug|Any CPU.ActiveCfg = Debug|Any CPU
		{23E17894-486D-46AC-9517-C14E49C13D20}.Debug|Any CPU.Build.0 = Debug|Any CPU
		{23E17894-486D-46AC-9517-C14E49C13D20}.Release|Any CPU.ActiveCfg = Release|Any CPU
		{23E17894-486D-46AC-9517-C14E49C13D20}.Release|Any CPU.Build.0 = Release|Any CPU
	EndGlobalSection
	GlobalSection(SolutionProperties) = preSolution
		HideSolutionNode = FALSE
	EndGlobalSection
	GlobalSection(ExtensibilityGlobals) = postSolution
		SolutionGuid = {7C5F4955-EE56-4897-A5C6-0F2D7BD70746}
	EndGlobalSection
EndGlobal
